
Microsoft Visual Studio Solution File, Format Version 12.00
# Visual Studio 15
VisualStudioVersion = 15.0.27703.2042
MinimumVisualStudioVersion = 10.0.40219.1
Project("{FAE04EC0-301F-11D3-BF4B-00C04F79EFBC}") = "WebApplication1", "WebApplication1\WebApplication1.csproj", "{00A60CDF-0EE8-479C-AF9B-5FF564B9D31E}"
EndProject
Global
	GlobalSection(SolutionConfigurationPlatforms) = preSolution
		Debug|Any CPU = Debug|Any CPU
		Release|Any CPU = Release|Any CPU
	EndGlobalSection
	GlobalSection(ProjectConfigurationPlatforms) = postSolution
		{00A60CDF-0EE8-479C-AF9B-5FF564B9D31E}.Debug|Any CPU.ActiveCfg = Debug|Any CPU
		{00A60CDF-0EE8-479C-AF9B-5FF564B9D31E}.Debug|Any CPU.Build.0 = Debug|Any CPU
		{00A60CDF-0EE8-479C-AF9B-5FF564B9D31E}.Release|Any CPU.ActiveCfg = Release|Any CPU
		{00A60CDF-0EE8-479C-AF9B-5FF564B9D31E}.Release|Any CPU.Build.0 = Release|Any CPU
	EndGlobalSection
	GlobalSection(SolutionProperties) = preSolution
		HideSolutionNode = FALSE
	EndGlobalSection
	GlobalSection(ExtensibilityGlobals) = postSolution
		SolutionGuid = {AB8A4106-6A8E-410B-9C6A-3AA1C3DA4E1C}
	EndGlobalSection
EndGlobal
